// !$*UTF8*$!
{
	archiveVersion = 1;
	classes = {
	};
	objectVersion = 55;
	objects = {

/* Begin PBXBuildFile section */
		4445750028577FDF00CEAC48 /* AppetizersAppApp.swift in Sources */ = {isa = PBXBuildFile; fileRef = 444574FF28577FDF00CEAC48 /* AppetizersAppApp.swift */; };
		4445750228577FDF00CEAC48 /* AppetizerTabView.swift in Sources */ = {isa = PBXBuildFile; fileRef = 4445750128577FDF00CEAC48 /* AppetizerTabView.swift */; };
		4445750428577FE300CEAC48 /* Assets.xcassets in Resources */ = {isa = PBXBuildFile; fileRef = 4445750328577FE300CEAC48 /* Assets.xcassets */; };
		4445750728577FE300CEAC48 /* Preview Assets.xcassets in Resources */ = {isa = PBXBuildFile; fileRef = 4445750628577FE300CEAC48 /* Preview Assets.xcassets */; };
		4445751128577FE300CEAC48 /* AppetizersAppTests.swift in Sources */ = {isa = PBXBuildFile; fileRef = 4445751028577FE300CEAC48 /* AppetizersAppTests.swift */; };
		4445751B28577FE300CEAC48 /* AppetizersAppUITests.swift in Sources */ = {isa = PBXBuildFile; fileRef = 4445751A28577FE300CEAC48 /* AppetizersAppUITests.swift */; };
		4445751D28577FE300CEAC48 /* AppetizersAppUITestsLaunchTests.swift in Sources */ = {isa = PBXBuildFile; fileRef = 4445751C28577FE300CEAC48 /* AppetizersAppUITestsLaunchTests.swift */; };
		4445752B2857807D00CEAC48 /* AppetizerListView.swift in Sources */ = {isa = PBXBuildFile; fileRef = 4445752A2857807D00CEAC48 /* AppetizerListView.swift */; };
		444575302857809600CEAC48 /* OrderView.swift in Sources */ = {isa = PBXBuildFile; fileRef = 4445752F2857809600CEAC48 /* OrderView.swift */; };
		44457533285780A300CEAC48 /* AccountView.swift in Sources */ = {isa = PBXBuildFile; fileRef = 44457532285780A300CEAC48 /* AccountView.swift */; };
		444575352857849400CEAC48 /* Colors.xcassets in Resources */ = {isa = PBXBuildFile; fileRef = 444575342857849400CEAC48 /* Colors.xcassets */; };
		444575372857865200CEAC48 /* Colors.swift in Sources */ = {isa = PBXBuildFile; fileRef = 444575362857865200CEAC48 /* Colors.swift */; };
/* End PBXBuildFile section */

/* Begin PBXContainerItemProxy section */
		4445750D28577FE300CEAC48 /* PBXContainerItemProxy */ = {
			isa = PBXContainerItemProxy;
			containerPortal = 444574F428577FDF00CEAC48 /* Project object */;
			proxyType = 1;
			remoteGlobalIDString = 444574FB28577FDF00CEAC48;
			remoteInfo = AppetizersApp;
		};
		4445751728577FE300CEAC48 /* PBXContainerItemProxy */ = {
			isa = PBXContainerItemProxy;
			containerPortal = 444574F428577FDF00CEAC48 /* Project object */;
			proxyType = 1;
			remoteGlobalIDString = 444574FB28577FDF00CEAC48;
			remoteInfo = AppetizersApp;
		};
/* End PBXContainerItemProxy section */

/* Begin PBXFileReference section */
		444574FC28577FDF00CEAC48 /* AppetizersApp.app */ = {isa = PBXFileReference; explicitFileType = wrapper.application; includeInIndex = 0; path = AppetizersApp.app; sourceTree = BUILT_PRODUCTS_DIR; };
		444574FF28577FDF00CEAC48 /* AppetizersAppApp.swift */ = {isa = PBXFileReference; lastKnownFileType = sourcecode.swift; path = AppetizersAppApp.swift; sourceTree = "<group>"; };
		4445750128577FDF00CEAC48 /* AppetizerTabView.swift */ = {isa = PBXFileReference; lastKnownFileType = sourcecode.swift; path = AppetizerTabView.swift; sourceTree = "<group>"; };
		4445750328577FE300CEAC48 /* Assets.xcassets */ = {isa = PBXFileReference; lastKnownFileType = folder.assetcatalog; path = Assets.xcassets; sourceTree = "<group>"; };
		4445750628577FE300CEAC48 /* Preview Assets.xcassets */ = {isa = PBXFileReference; lastKnownFileType = folder.assetcatalog; path = "Preview Assets.xcassets"; sourceTree = "<group>"; };
		4445750C28577FE300CEAC48 /* AppetizersAppTests.xctest */ = {isa = PBXFileReference; explicitFileType = wrapper.cfbundle; includeInIndex = 0; path = AppetizersAppTests.xctest; sourceTree = BUILT_PRODUCTS_DIR; };
		4445751028577FE300CEAC48 /* AppetizersAppTests.swift */ = {isa = PBXFileReference; lastKnownFileType = sourcecode.swift; path = AppetizersAppTests.swift; sourceTree = "<group>"; };
		4445751628577FE300CEAC48 /* AppetizersAppUITests.xctest */ = {isa = PBXFileReference; explicitFileType = wrapper.cfbundle; includeInIndex = 0; path = AppetizersAppUITests.xctest; sourceTree = BUILT_PRODUCTS_DIR; };
		4445751A28577FE300CEAC48 /* AppetizersAppUITests.swift */ = {isa = PBXFileReference; lastKnownFileType = sourcecode.swift; path = AppetizersAppUITests.swift; sourceTree = "<group>"; };
		4445751C28577FE300CEAC48 /* AppetizersAppUITestsLaunchTests.swift */ = {isa = PBXFileReference; lastKnownFileType = sourcecode.swift; path = AppetizersAppUITestsLaunchTests.swift; sourceTree = "<group>"; };
		4445752A2857807D00CEAC48 /* AppetizerListView.swift */ = {isa = PBXFileReference; lastKnownFileType = sourcecode.swift; path = AppetizerListView.swift; sourceTree = "<group>"; };
		4445752F2857809600CEAC48 /* OrderView.swift */ = {isa = PBXFileReference; lastKnownFileType = sourcecode.swift; path = OrderView.swift; sourceTree = "<group>"; };
		44457532285780A300CEAC48 /* AccountView.swift */ = {isa = PBXFileReference; lastKnownFileType = sourcecode.swift; path = AccountView.swift; sourceTree = "<group>"; };
		444575342857849400CEAC48 /* Colors.xcassets */ = {isa = PBXFileReference; lastKnownFileType = folder.assetcatalog; path = Colors.xcassets; sourceTree = "<group>"; };
		444575362857865200CEAC48 /* Colors.swift */ = {isa = PBXFileReference; lastKnownFileType = sourcecode.swift; path = Colors.swift; sourceTree = "<group>"; };
/* End PBXFileReference section */

/* Begin PBXFrameworksBuildPhase section */
		444574F928577FDF00CEAC48 /* Frameworks */ = {
			isa = PBXFrameworksBuildPhase;
			buildActionMask = 2147483647;
			files = (
			);
			runOnlyForDeploymentPostprocessing = 0;
		};
		4445750928577FE300CEAC48 /* Frameworks */ = {
			isa = PBXFrameworksBuildPhase;
			buildActionMask = 2147483647;
			files = (
			);
			runOnlyForDeploymentPostprocessing = 0;
		};
		4445751328577FE300CEAC48 /* Frameworks */ = {
			isa = PBXFrameworksBuildPhase;
			buildActionMask = 2147483647;
			files = (
			);
			runOnlyForDeploymentPostprocessing = 0;
		};
/* End PBXFrameworksBuildPhase section */

/* Begin PBXGroup section */
		444574F328577FDF00CEAC48 = {
			isa = PBXGroup;
			children = (
				444574FE28577FDF00CEAC48 /* AppetizersApp */,
				4445750F28577FE300CEAC48 /* AppetizersAppTests */,
				4445751928577FE300CEAC48 /* AppetizersAppUITests */,
				444574FD28577FDF00CEAC48 /* Products */,
			);
			sourceTree = "<group>";
		};
		444574FD28577FDF00CEAC48 /* Products */ = {
			isa = PBXGroup;
			children = (
				444574FC28577FDF00CEAC48 /* AppetizersApp.app */,
				4445750C28577FE300CEAC48 /* AppetizersAppTests.xctest */,
				4445751628577FE300CEAC48 /* AppetizersAppUITests.xctest */,
			);
			name = Products;
			sourceTree = "<group>";
		};
		444574FE28577FDF00CEAC48 /* AppetizersApp */ = {
			isa = PBXGroup;
			children = (
				444575292857806A00CEAC48 /* Modules */,
				444574FF28577FDF00CEAC48 /* AppetizersAppApp.swift */,
				4445750128577FDF00CEAC48 /* AppetizerTabView.swift */,
				4445750328577FE300CEAC48 /* Assets.xcassets */,
				4445750528577FE300CEAC48 /* Preview Content */,
				444575342857849400CEAC48 /* Colors.xcassets */,
				444575362857865200CEAC48 /* Colors.swift */,
			);
			path = AppetizersApp;
			sourceTree = "<group>";
		};
		4445750528577FE300CEAC48 /* Preview Content */ = {
			isa = PBXGroup;
			children = (
				4445750628577FE300CEAC48 /* Preview Assets.xcassets */,
			);
			path = "Preview Content";
			sourceTree = "<group>";
		};
		4445750F28577FE300CEAC48 /* AppetizersAppTests */ = {
			isa = PBXGroup;
			children = (
				4445751028577FE300CEAC48 /* AppetizersAppTests.swift */,
			);
			path = AppetizersAppTests;
			sourceTree = "<group>";
		};
		4445751928577FE300CEAC48 /* AppetizersAppUITests */ = {
			isa = PBXGroup;
			children = (
				4445751A28577FE300CEAC48 /* AppetizersAppUITests.swift */,
				4445751C28577FE300CEAC48 /* AppetizersAppUITestsLaunchTests.swift */,
			);
			path = AppetizersAppUITests;
			sourceTree = "<group>";
		};
		444575292857806A00CEAC48 /* Modules */ = {
			isa = PBXGroup;
			children = (
				4445752E2857808900CEAC48 /* Account */,
				4445752D2857808500CEAC48 /* Order */,
				4445752C2857808100CEAC48 /* List */,
			);
			path = Modules;
			sourceTree = "<group>";
		};
		4445752C2857808100CEAC48 /* List */ = {
			isa = PBXGroup;
			children = (
				4445752A2857807D00CEAC48 /* AppetizerListView.swift */,
			);
			path = List;
			sourceTree = "<group>";
		};
		4445752D2857808500CEAC48 /* Order */ = {
			isa = PBXGroup;
			children = (
				4445752F2857809600CEAC48 /* OrderView.swift */,
			);
			path = Order;
			sourceTree = "<group>";
		};
		4445752E2857808900CEAC48 /* Account */ = {
			isa = PBXGroup;
			children = (
				44457532285780A300CEAC48 /* AccountView.swift */,
			);
			path = Account;
			sourceTree = "<group>";
		};
/* End PBXGroup section */

/* Begin PBXNativeTarget section */
		444574FB28577FDF00CEAC48 /* AppetizersApp */ = {
			isa = PBXNativeTarget;
			buildConfigurationList = 4445752028577FE300CEAC48 /* Build configuration list for PBXNativeTarget "AppetizersApp" */;
			buildPhases = (
				444574F828577FDF00CEAC48 /* Sources */,
				444574F928577FDF00CEAC48 /* Frameworks */,
				444574FA28577FDF00CEAC48 /* Resources */,
			);
			buildRules = (
			);
			dependencies = (
			);
			name = AppetizersApp;
			productName = AppetizersApp;
			productReference = 444574FC28577FDF00CEAC48 /* AppetizersApp.app */;
			productType = "com.apple.product-type.application";
		};
		4445750B28577FE300CEAC48 /* AppetizersAppTests */ = {
			isa = PBXNativeTarget;
			buildConfigurationList = 4445752328577FE300CEAC48 /* Build configuration list for PBXNativeTarget "AppetizersAppTests" */;
			buildPhases = (
				4445750828577FE300CEAC48 /* Sources */,
				4445750928577FE300CEAC48 /* Frameworks */,
				4445750A28577FE300CEAC48 /* Resources */,
			);
			buildRules = (
			);
			dependencies = (
				4445750E28577FE300CEAC48 /* PBXTargetDependency */,
			);
			name = AppetizersAppTests;
			productName = AppetizersAppTests;
			productReference = 4445750C28577FE300CEAC48 /* AppetizersAppTests.xctest */;
			productType = "com.apple.product-type.bundle.unit-test";
		};
		4445751528577FE300CEAC48 /* AppetizersAppUITests */ = {
			isa = PBXNativeTarget;
			buildConfigurationList = 4445752628577FE300CEAC48 /* Build configuration list for PBXNativeTarget "AppetizersAppUITests" */;
			buildPhases = (
				4445751228577FE300CEAC48 /* Sources */,
				4445751328577FE300CEAC48 /* Frameworks */,
				4445751428577FE300CEAC48 /* Resources */,
			);
			buildRules = (
			);
			dependencies = (
				4445751828577FE300CEAC48 /* PBXTargetDependency */,
			);
			name = AppetizersAppUITests;
			productName = AppetizersAppUITests;
			productReference = 4445751628577FE300CEAC48 /* AppetizersAppUITests.xctest */;
			productType = "com.apple.product-type.bundle.ui-testing";
		};
/* End PBXNativeTarget section */

/* Begin PBXProject section */
		444574F428577FDF00CEAC48 /* Project object */ = {
			isa = PBXProject;
			attributes = {
				BuildIndependentTargetsInParallel = 1;
				LastSwiftUpdateCheck = 1330;
				LastUpgradeCheck = 1330;
				TargetAttributes = {
					444574FB28577FDF00CEAC48 = {
						CreatedOnToolsVersion = 13.3;
					};
					4445750B28577FE300CEAC48 = {
						CreatedOnToolsVersion = 13.3;
						TestTargetID = 444574FB28577FDF00CEAC48;
					};
					4445751528577FE300CEAC48 = {
						CreatedOnToolsVersion = 13.3;
						TestTargetID = 444574FB28577FDF00CEAC48;
					};
				};
			};
			buildConfigurationList = 444574F728577FDF00CEAC48 /* Build configuration list for PBXProject "AppetizersApp" */;
			compatibilityVersion = "Xcode 13.0";
			developmentRegion = en;
			hasScannedForEncodings = 0;
			knownRegions = (
				en,
				Base,
			);
			mainGroup = 444574F328577FDF00CEAC48;
			productRefGroup = 444574FD28577FDF00CEAC48 /* Products */;
			projectDirPath = "";
			projectRoot = "";
			targets = (
				444574FB28577FDF00CEAC48 /* AppetizersApp */,
				4445750B28577FE300CEAC48 /* AppetizersAppTests */,
				4445751528577FE300CEAC48 /* AppetizersAppUITests */,
			);
		};
/* End PBXProject section */

/* Begin PBXResourcesBuildPhase section */
		444574FA28577FDF00CEAC48 /* Resources */ = {
			isa = PBXResourcesBuildPhase;
			buildActionMask = 2147483647;
			files = (
				444575352857849400CEAC48 /* Colors.xcassets in Resources */,
				4445750728577FE300CEAC48 /* Preview Assets.xcassets in Resources */,
				4445750428577FE300CEAC48 /* Assets.xcassets in Resources */,
			);
			runOnlyForDeploymentPostprocessing = 0;
		};
		4445750A28577FE300CEAC48 /* Resources */ = {
			isa = PBXResourcesBuildPhase;
			buildActionMask = 2147483647;
			files = (
			);
			runOnlyForDeploymentPostprocessing = 0;
		};
		4445751428577FE300CEAC48 /* Resources */ = {
			isa = PBXResourcesBuildPhase;
			buildActionMask = 2147483647;
			files = (
			);
			runOnlyForDeploymentPostprocessing = 0;
		};
/* End PBXResourcesBuildPhase section */

/* Begin PBXSourcesBuildPhase section */
		444574F828577FDF00CEAC48 /* Sources */ = {
			isa = PBXSourcesBuildPhase;
			buildActionMask = 2147483647;
			files = (
				4445750228577FDF00CEAC48 /* AppetizerTabView.swift in Sources */,
				444575372857865200CEAC48 /* Colors.swift in Sources */,
				444575302857809600CEAC48 /* OrderView.swift in Sources */,
				4445750028577FDF00CEAC48 /* AppetizersAppApp.swift in Sources */,
				4445752B2857807D00CEAC48 /* AppetizerListView.swift in Sources */,
				44457533285780A300CEAC48 /* AccountView.swift in Sources */,
			);
			runOnlyForDeploymentPostprocessing = 0;
		};
		4445750828577FE300CEAC48 /* Sources */ = {
			isa = PBXSourcesBuildPhase;
			buildActionMask = 2147483647;
			files = (
				4445751128577FE300CEAC48 /* AppetizersAppTests.swift in Sources */,
			);
			runOnlyForDeploymentPostprocessing = 0;
		};
		4445751228577FE300CEAC48 /* Sources */ = {
			isa = PBXSourcesBuildPhase;
			buildActionMask = 2147483647;
			files = (
				4445751B28577FE300CEAC48 /* AppetizersAppUITests.swift in Sources */,
				4445751D28577FE300CEAC48 /* AppetizersAppUITestsLaunchTests.swift in Sources */,
			);
			runOnlyForDeploymentPostprocessing = 0;
		};
/* End PBXSourcesBuildPhase section */

/* Begin PBXTargetDependency section */
		4445750E28577FE300CEAC48 /* PBXTargetDependency */ = {
			isa = PBXTargetDependency;
			target = 444574FB28577FDF00CEAC48 /* AppetizersApp */;
			targetProxy = 4445750D28577FE300CEAC48 /* PBXContainerItemProxy */;
		};
		4445751828577FE300CEAC48 /* PBXTargetDependency */ = {
			isa = PBXTargetDependency;
			target = 444574FB28577FDF00CEAC48 /* AppetizersApp */;
			targetProxy = 4445751728577FE300CEAC48 /* PBXContainerItemProxy */;
		};
/* End PBXTargetDependency section */

/* Begin XCBuildConfiguration section */
		4445751E28577FE300CEAC48 /* Debug */ = {
			isa = XCBuildConfiguration;
			buildSettings = {
				ALWAYS_SEARCH_USER_PATHS = NO;
				CLANG_ANALYZER_NONNULL = YES;
				CLANG_ANALYZER_NUMBER_OBJECT_CONVERSION = YES_AGGRESSIVE;
				CLANG_CXX_LANGUAGE_STANDARD = "gnu++17";
				CLANG_ENABLE_MODULES = YES;
				CLANG_ENABLE_OBJC_ARC = YES;
				CLANG_ENABLE_OBJC_WEAK = YES;
				CLANG_WARN_BLOCK_CAPTURE_AUTORELEASING = YES;
				CLANG_WARN_BOOL_CONVERSION = YES;
				CLANG_WARN_COMMA = YES;
				CLANG_WARN_CONSTANT_CONVERSION = YES;
				CLANG_WARN_DEPRECATED_OBJC_IMPLEMENTATIONS = YES;
				CLANG_WARN_DIRECT_OBJC_ISA_USAGE = YES_ERROR;
				CLANG_WARN_DOCUMENTATION_COMMENTS = YES;
				CLANG_WARN_EMPTY_BODY = YES;
				CLANG_WARN_ENUM_CONVERSION = YES;
				CLANG_WARN_INFINITE_RECURSION = YES;
				CLANG_WARN_INT_CONVERSION = YES;
				CLANG_WARN_NON_LITERAL_NULL_CONVERSION = YES;
				CLANG_WARN_OBJC_IMPLICIT_RETAIN_SELF = YES;
				CLANG_WARN_OBJC_LITERAL_CONVERSION = YES;
				CLANG_WARN_OBJC_ROOT_CLASS = YES_ERROR;
				CLANG_WARN_QUOTED_INCLUDE_IN_FRAMEWORK_HEADER = YES;
				CLANG_WARN_RANGE_LOOP_ANALYSIS = YES;
				CLANG_WARN_STRICT_PROTOTYPES = YES;
				CLANG_WARN_SUSPICIOUS_MOVE = YES;
				CLANG_WARN_UNGUARDED_AVAILABILITY = YES_AGGRESSIVE;
				CLANG_WARN_UNREACHABLE_CODE = YES;
				CLANG_WARN__DUPLICATE_METHOD_MATCH = YES;
				COPY_PHASE_STRIP = NO;
				DEBUG_INFORMATION_FORMAT = dwarf;
				ENABLE_STRICT_OBJC_MSGSEND = YES;
				ENABLE_TESTABILITY = YES;
				GCC_C_LANGUAGE_STANDARD = gnu11;
				GCC_DYNAMIC_NO_PIC = NO;
				GCC_NO_COMMON_BLOCKS = YES;
				GCC_OPTIMIZATION_LEVEL = 0;
				GCC_PREPROCESSOR_DEFINITIONS = (
					"DEBUG=1",
					"$(inherited)",
				);
				GCC_WARN_64_TO_32_BIT_CONVERSION = YES;
				GCC_WARN_ABOUT_RETURN_TYPE = YES_ERROR;
				GCC_WARN_UNDECLARED_SELECTOR = YES;
				GCC_WARN_UNINITIALIZED_AUTOS = YES_AGGRESSIVE;
				GCC_WARN_UNUSED_FUNCTION = YES;
				GCC_WARN_UNUSED_VARIABLE = YES;
				IPHONEOS_DEPLOYMENT_TARGET = 15.4;
				MTL_ENABLE_DEBUG_INFO = INCLUDE_SOURCE;
				MTL_FAST_MATH = YES;
				ONLY_ACTIVE_ARCH = YES;
				SDKROOT = iphoneos;
				SWIFT_ACTIVE_COMPILATION_CONDITIONS = DEBUG;
				SWIFT_OPTIMIZATION_LEVEL = "-Onone";
			};
			name = Debug;
		};
		4445751F28577FE300CEAC48 /* Release */ = {
			isa = XCBuildConfiguration;
			buildSettings = {
				ALWAYS_SEARCH_USER_PATHS = NO;
				CLANG_ANALYZER_NONNULL = YES;
				CLANG_ANALYZER_NUMBER_OBJECT_CONVERSION = YES_AGGRESSIVE;
				CLANG_CXX_LANGUAGE_STANDARD = "gnu++17";
				CLANG_ENABLE_MODULES = YES;
				CLANG_ENABLE_OBJC_ARC = YES;
				CLANG_ENABLE_OBJC_WEAK = YES;
				CLANG_WARN_BLOCK_CAPTURE_AUTORELEASING = YES;
				CLANG_WARN_BOOL_CONVERSION = YES;
				CLANG_WARN_COMMA = YES;
				CLANG_WARN_CONSTANT_CONVERSION = YES;
				CLANG_WARN_DEPRECATED_OBJC_IMPLEMENTATIONS = YES;
				CLANG_WARN_DIRECT_OBJC_ISA_USAGE = YES_ERROR;
				CLANG_WARN_DOCUMENTATION_COMMENTS = YES;
				CLANG_WARN_EMPTY_BODY = YES;
				CLANG_WARN_ENUM_CONVERSION = YES;
				CLANG_WARN_INFINITE_RECURSION = YES;
				CLANG_WARN_INT_CONVERSION = YES;
				CLANG_WARN_NON_LITERAL_NULL_CONVERSION = YES;
				CLANG_WARN_OBJC_IMPLICIT_RETAIN_SELF = YES;
				CLANG_WARN_OBJC_LITERAL_CONVERSION = YES;
				CLANG_WARN_OBJC_ROOT_CLASS = YES_ERROR;
				CLANG_WARN_QUOTED_INCLUDE_IN_FRAMEWORK_HEADER = YES;
				CLANG_WARN_RANGE_LOOP_ANALYSIS = YES;
				CLANG_WARN_STRICT_PROTOTYPES = YES;
				CLANG_WARN_SUSPICIOUS_MOVE = YES;
				CLANG_WARN_UNGUARDED_AVAILABILITY = YES_AGGRESSIVE;
				CLANG_WARN_UNREACHABLE_CODE = YES;
				CLANG_WARN__DUPLICATE_METHOD_MATCH = YES;
				COPY_PHASE_STRIP = NO;
				DEBUG_INFORMATION_FORMAT = "dwarf-with-dsym";
				ENABLE_NS_ASSERTIONS = NO;
				ENABLE_STRICT_OBJC_MSGSEND = YES;
				GCC_C_LANGUAGE_STANDARD = gnu11;
				GCC_NO_COMMON_BLOCKS = YES;
				GCC_WARN_64_TO_32_BIT_CONVERSION = YES;
				GCC_WARN_ABOUT_RETURN_TYPE = YES_ERROR;
				GCC_WARN_UNDECLARED_SELECTOR = YES;
				GCC_WARN_UNINITIALIZED_AUTOS = YES_AGGRESSIVE;
				GCC_WARN_UNUSED_FUNCTION = YES;
				GCC_WARN_UNUSED_VARIABLE = YES;
				IPHONEOS_DEPLOYMENT_TARGET = 15.4;
				MTL_ENABLE_DEBUG_INFO = NO;
				MTL_FAST_MATH = YES;
				SDKROOT = iphoneos;
				SWIFT_COMPILATION_MODE = wholemodule;
				SWIFT_OPTIMIZATION_LEVEL = "-O";
				VALIDATE_PRODUCT = YES;
			};
			name = Release;
		};
		4445752128577FE300CEAC48 /* Debug */ = {
			isa = XCBuildConfiguration;
			buildSettings = {
				ASSETCATALOG_COMPILER_APPICON_NAME = AppIcon;
				ASSETCATALOG_COMPILER_GLOBAL_ACCENT_COLOR_NAME = AccentColor;
				CODE_SIGN_STYLE = Automatic;
				CURRENT_PROJECT_VERSION = 1;
				DEVELOPMENT_ASSET_PATHS = "\"AppetizersApp/Preview Content\"";
				DEVELOPMENT_TEAM = GS5TZJ6CB6;
				ENABLE_PREVIEWS = YES;
				GENERATE_INFOPLIST_FILE = YES;
				INFOPLIST_KEY_UIApplicationSceneManifest_Generation = YES;
				INFOPLIST_KEY_UIApplicationSupportsIndirectInputEvents = YES;
				INFOPLIST_KEY_UILaunchScreen_Generation = YES;
				INFOPLIST_KEY_UISupportedInterfaceOrientations_iPad = "UIInterfaceOrientationPortrait UIInterfaceOrientationPortraitUpsideDown UIInterfaceOrientationLandscapeLeft UIInterfaceOrientationLandscapeRight";
				INFOPLIST_KEY_UISupportedInterfaceOrientations_iPhone = "UIInterfaceOrientationPortrait UIInterfaceOrientationLandscapeLeft UIInterfaceOrientationLandscapeRight";
				LD_RUNPATH_SEARCH_PATHS = (
					"$(inherited)",
					"@executable_path/Frameworks",
				);
				MARKETING_VERSION = 1.0;
				PRODUCT_BUNDLE_IDENTIFIER = com.v.wolf.g.AppetizersApp;
				PRODUCT_NAME = "$(TARGET_NAME)";
				SWIFT_EMIT_LOC_STRINGS = YES;
				SWIFT_VERSION = 5.0;
				TARGETED_DEVICE_FAMILY = "1,2";
			};
			name = Debug;
		};
		4445752228577FE300CEAC48 /* Release */ = {
			isa = XCBuildConfiguration;
			buildSettings = {
				ASSETCATALOG_COMPILER_APPICON_NAME = AppIcon;
				ASSETCATALOG_COMPILER_GLOBAL_ACCENT_COLOR_NAME = AccentColor;
				CODE_SIGN_STYLE = Automatic;
				CURRENT_PROJECT_VERSION = 1;
				DEVELOPMENT_ASSET_PATHS = "\"AppetizersApp/Preview Content\"";
				DEVELOPMENT_TEAM = GS5TZJ6CB6;
				ENABLE_PREVIEWS = YES;
				GENERATE_INFOPLIST_FILE = YES;
				INFOPLIST_KEY_UIApplicationSceneManifest_Generation = YES;
				INFOPLIST_KEY_UIApplicationSupportsIndirectInputEvents = YES;
				INFOPLIST_KEY_UILaunchScreen_Generation = YES;
				INFOPLIST_KEY_UISupportedInterfaceOrientations_iPad = "UIInterfaceOrientationPortrait UIInterfaceOrientationPortraitUpsideDown UIInterfaceOrientationLandscapeLeft UIInterfaceOrientationLandscapeRight";
				INFOPLIST_KEY_UISupportedInterfaceOrientations_iPhone = "UIInterfaceOrientationPortrait UIInterfaceOrientationLandscapeLeft UIInterfaceOrientationLandscapeRight";
				LD_RUNPATH_SEARCH_PATHS = (
					"$(inherited)",
					"@executable_path/Frameworks",
				);
				MARKETING_VERSION = 1.0;
				PRODUCT_BUNDLE_IDENTIFIER = com.v.wolf.g.AppetizersApp;
				PRODUCT_NAME = "$(TARGET_NAME)";
				SWIFT_EMIT_LOC_STRINGS = YES;
				SWIFT_VERSION = 5.0;
				TARGETED_DEVICE_FAMILY = "1,2";
			};
			name = Release;
		};
		4445752428577FE300CEAC48 /* Debug */ = {
			isa = XCBuildConfiguration;
			buildSettings = {
				ALWAYS_EMBED_SWIFT_STANDARD_LIBRARIES = YES;
				BUNDLE_LOADER = "$(TEST_HOST)";
				CODE_SIGN_STYLE = Automatic;
				CURRENT_PROJECT_VERSION = 1;
				DEVELOPMENT_TEAM = GS5TZJ6CB6;
				GENERATE_INFOPLIST_FILE = YES;
				IPHONEOS_DEPLOYMENT_TARGET = 15.4;
				MARKETING_VERSION = 1.0;
				PRODUCT_BUNDLE_IDENTIFIER = com.v.wolf.g.AppetizersAppTests;
				PRODUCT_NAME = "$(TARGET_NAME)";
				SWIFT_EMIT_LOC_STRINGS = NO;
				SWIFT_VERSION = 5.0;
				TARGETED_DEVICE_FAMILY = "1,2";
				TEST_HOST = "$(BUILT_PRODUCTS_DIR)/AppetizersApp.app/AppetizersApp";
			};
			name = Debug;
		};
		4445752528577FE300CEAC48 /* Release */ = {
			isa = XCBuildConfiguration;
			buildSettings = {
				ALWAYS_EMBED_SWIFT_STANDARD_LIBRARIES = YES;
				BUNDLE_LOADER = "$(TEST_HOST)";
				CODE_SIGN_STYLE = Automatic;
				CURRENT_PROJECT_VERSION = 1;
				DEVELOPMENT_TEAM = GS5TZJ6CB6;
				GENERATE_INFOPLIST_FILE = YES;
				IPHONEOS_DEPLOYMENT_TARGET = 15.4;
				MARKETING_VERSION = 1.0;
				PRODUCT_BUNDLE_IDENTIFIER = com.v.wolf.g.AppetizersAppTests;
				PRODUCT_NAME = "$(TARGET_NAME)";
				SWIFT_EMIT_LOC_STRINGS = NO;
				SWIFT_VERSION = 5.0;
				TARGETED_DEVICE_FAMILY = "1,2";
				TEST_HOST = "$(BUILT_PRODUCTS_DIR)/AppetizersApp.app/AppetizersApp";
			};
			name = Release;
		};
		4445752728577FE300CEAC48 /* Debug */ = {
			isa = XCBuildConfiguration;
			buildSettings = {
				ALWAYS_EMBED_SWIFT_STANDARD_LIBRARIES = YES;
				CODE_SIGN_STYLE = Automatic;
				CURRENT_PROJECT_VERSION = 1;
				DEVELOPMENT_TEAM = GS5TZJ6CB6;
				GENERATE_INFOPLIST_FILE = YES;
				MARKETING_VERSION = 1.0;
				PRODUCT_BUNDLE_IDENTIFIER = com.v.wolf.g.AppetizersAppUITests;
				PRODUCT_NAME = "$(TARGET_NAME)";
				SWIFT_EMIT_LOC_STRINGS = NO;
				SWIFT_VERSION = 5.0;
				TARGETED_DEVICE_FAMILY = "1,2";
				TEST_TARGET_NAME = AppetizersApp;
			};
			name = Debug;
		};
		4445752828577FE300CEAC48 /* Release */ = {
			isa = XCBuildConfiguration;
			buildSettings = {
				ALWAYS_EMBED_SWIFT_STANDARD_LIBRARIES = YES;
				CODE_SIGN_STYLE = Automatic;
				CURRENT_PROJECT_VERSION = 1;
				DEVELOPMENT_TEAM = GS5TZJ6CB6;
				GENERATE_INFOPLIST_FILE = YES;
				MARKETING_VERSION = 1.0;
				PRODUCT_BUNDLE_IDENTIFIER = com.v.wolf.g.AppetizersAppUITests;
				PRODUCT_NAME = "$(TARGET_NAME)";
				SWIFT_EMIT_LOC_STRINGS = NO;
				SWIFT_VERSION = 5.0;
				TARGETED_DEVICE_FAMILY = "1,2";
				TEST_TARGET_NAME = AppetizersApp;
			};
			name = Release;
		};
/* End XCBuildConfiguration section */

/* Begin XCConfigurationList section */
		444574F728577FDF00CEAC48 /* Build configuration list for PBXProject "AppetizersApp" */ = {
			isa = XCConfigurationList;
			buildConfigurations = (
				4445751E28577FE300CEAC48 /* Debug */,
				4445751F28577FE300CEAC48 /* Release */,
			);
			defaultConfigurationIsVisible = 0;
			defaultConfigurationName = Release;
		};
		4445752028577FE300CEAC48 /* Build configuration list for PBXNativeTarget "AppetizersApp" */ = {
			isa = XCConfigurationList;
			buildConfigurations = (
				4445752128577FE300CEAC48 /* Debug */,
				4445752228577FE300CEAC48 /* Release */,
			);
			defaultConfigurationIsVisible = 0;
			defaultConfigurationName = Release;
		};
		4445752328577FE300CEAC48 /* Build configuration list for PBXNativeTarget "AppetizersAppTests" */ = {
			isa = XCConfigurationList;
			buildConfigurations = (
				4445752428577FE300CEAC48 /* Debug */,
				4445752528577FE300CEAC48 /* Release */,
			);
			defaultConfigurationIsVisible = 0;
			defaultConfigurationName = Release;
		};
		4445752628577FE300CEAC48 /* Build configuration list for PBXNativeTarget "AppetizersAppUITests" */ = {
			isa = XCConfigurationList;
			buildConfigurations = (
				4445752728577FE300CEAC48 /* Debug */,
				4445752828577FE300CEAC48 /* Release */,
			);
			defaultConfigurationIsVisible = 0;
			defaultConfigurationName = Release;
		};
/* End XCConfigurationList section */
	};
	rootObject = 444574F428577FDF00CEAC48 /* Project object */;
}
